
Microsoft Visual Studio Solution File, Format Version 12.00
# Visual Studio Version 17
VisualStudioVersion = 17.5.33414.496
MinimumVisualStudioVersion = 10.0.40219.1
Project("{9A19103F-16F7-4668-BE54-9A1E7A4F7556}") = "ExprLib", "ExprLib.csproj", "{DD5C904E-76DB-41CB-8859-CC0A81D551D8}"
EndProject
Project("{9A19103F-16F7-4668-BE54-9A1E7A4F7556}") = "ConsoleApp1", "..\ConsoleApp1\ConsoleApp1.csproj", "{709D89BB-CC32-45F7-9B08-E31F0917FA8E}"
EndProject
Project("{FAE04EC0-301F-11D3-BF4B-00C04F79EFBC}") = "TestProject1", "..\TestProject1\TestProject1.csproj", "{9A53E5EB-6B3B-4482-9256-2DA3EF17D30F}"
EndProject
Global
	GlobalSection(SolutionConfigurationPlatforms) = preSolution
		Debug|Any CPU = Debug|Any CPU
		Release|Any CPU = Release|Any CPU
	EndGlobalSection
	GlobalSection(ProjectConfigurationPlatforms) = postSolution
		{DD5C904E-76DB-41CB-8859-CC0A81D551D8}.Debug|Any CPU.ActiveCfg = Debug|Any CPU
		{DD5C904E-76DB-41CB-8859-CC0A81D551D8}.Debug|Any CPU.Build.0 = Debug|Any CPU
		{DD5C904E-76DB-41CB-8859-CC0A81D551D8}.Release|Any CPU.ActiveCfg = Release|Any CPU
		{DD5C904E-76DB-41CB-8859-CC0A81D551D8}.Release|Any CPU.Build.0 = Release|Any CPU
		{709D89BB-CC32-45F7-9B08-E31F0917FA8E}.Debug|Any CPU.ActiveCfg = Debug|Any CPU
		{709D89BB-CC32-45F7-9B08-E31F0917FA8E}.Debug|Any CPU.Build.0 = Debug|Any CPU
		{709D89BB-CC32-45F7-9B08-E31F0917FA8E}.Release|Any CPU.ActiveCfg = Release|Any CPU
		{709D89BB-CC32-45F7-9B08-E31F0917FA8E}.Release|Any CPU.Build.0 = Release|Any CPU
		{9A53E5EB-6B3B-4482-9256-2DA3EF17D30F}.Debug|Any CPU.ActiveCfg = Debug|Any CPU
		{9A53E5EB-6B3B-4482-9256-2DA3EF17D30F}.Debug|Any CPU.Build.0 = Debug|Any CPU
		{9A53E5EB-6B3B-4482-9256-2DA3EF17D30F}.Release|Any CPU.ActiveCfg = Release|Any CPU
		{9A53E5EB-6B3B-4482-9256-2DA3EF17D30F}.Release|Any CPU.Build.0 = Release|Any CPU
	EndGlobalSection
	GlobalSection(SolutionProperties) = preSolution
		HideSolutionNode = FALSE
	EndGlobalSection
	GlobalSection(ExtensibilityGlobals) = postSolution
		SolutionGuid = {34DD5E0C-CBC9-47EB-9402-9C0BCFA41D3C}
	EndGlobalSection
EndGlobal
